
Microsoft Visual Studio Solution File, Format Version 12.00
# Visual Studio Version 17
VisualStudioVersion = 17.8.34511.84
MinimumVisualStudioVersion = 10.0.40219.1
Project("{FAE04EC0-301F-11D3-BF4B-00C04F79EFBC}") = "COMP003A.Final2", "COMP003A.Final2.csproj", "{D3B80ADB-046E-4E27-873D-C6C11BDA6F59}"
EndProject
Global
	GlobalSection(SolutionConfigurationPlatforms) = preSolution
		Debug|Any CPU = Debug|Any CPU
		Release|Any CPU = Release|Any CPU
	EndGlobalSection
	GlobalSection(ProjectConfigurationPlatforms) = postSolution
		{D3B80ADB-046E-4E27-873D-C6C11BDA6F59}.Debug|Any CPU.ActiveCfg = Debug|Any CPU
		{D3B80ADB-046E-4E27-873D-C6C11BDA6F59}.Debug|Any CPU.Build.0 = Debug|Any CPU
		{D3B80ADB-046E-4E27-873D-C6C11BDA6F59}.Release|Any CPU.ActiveCfg = Release|Any CPU
		{D3B80ADB-046E-4E27-873D-C6C11BDA6F59}.Release|Any CPU.Build.0 = Release|Any CPU
	EndGlobalSection
	GlobalSection(SolutionProperties) = preSolution
		HideSolutionNode = FALSE
	EndGlobalSection
	GlobalSection(ExtensibilityGlobals) = postSolution
		SolutionGuid = {5E442892-CDF3-4406-95C1-C4CAD7FFD750}
	EndGlobalSection
EndGlobal
